
Microsoft Visual Studio Solution File, Format Version 12.00
# Visual Studio 2013
VisualStudioVersion = 12.0.21005.1
MinimumVisualStudioVersion = 10.0.40219.1
Project("{F2A71F9B-5D33-465A-A702-920D77279786}") = "itext-pdf", "itext-pdf\itext-pdf.fsproj", "{156CCFB5-DFF8-49D5-95D9-782933F6739A}"
EndProject
Global
	GlobalSection(SolutionConfigurationPlatforms) = preSolution
		Debug|Any CPU = Debug|Any CPU
		Release|Any CPU = Release|Any CPU
	EndGlobalSection
	GlobalSection(ProjectConfigurationPlatforms) = postSolution
		{156CCFB5-DFF8-49D5-95D9-782933F6739A}.Debug|Any CPU.ActiveCfg = Debug|Any CPU
		{156CCFB5-DFF8-49D5-95D9-782933F6739A}.Debug|Any CPU.Build.0 = Debug|Any CPU
		{156CCFB5-DFF8-49D5-95D9-782933F6739A}.Release|Any CPU.ActiveCfg = Release|Any CPU
		{156CCFB5-DFF8-49D5-95D9-782933F6739A}.Release|Any CPU.Build.0 = Release|Any CPU
	EndGlobalSection
	GlobalSection(SolutionProperties) = preSolution
		HideSolutionNode = FALSE
	EndGlobalSection
EndGlobal
