
Microsoft Visual Studio Solution File, Format Version 12.00
# Visual Studio 2012
Project("{F2A71F9B-5D33-465A-A702-920D77279786}") = "IKVM.TypeProvider.Tests", "IKVM.TypeProvider.Tests.fsproj", "{916DC8F0-B476-49FA-9698-1F0F375423ED}"
EndProject
Global
	GlobalSection(SolutionConfigurationPlatforms) = preSolution
		Debug|Any CPU = Debug|Any CPU
		Release|Any CPU = Release|Any CPU
	EndGlobalSection
	GlobalSection(ProjectConfigurationPlatforms) = postSolution
		{916DC8F0-B476-49FA-9698-1F0F375423ED}.Debug|Any CPU.ActiveCfg = Debug|Any CPU
		{916DC8F0-B476-49FA-9698-1F0F375423ED}.Debug|Any CPU.Build.0 = Debug|Any CPU
		{916DC8F0-B476-49FA-9698-1F0F375423ED}.Release|Any CPU.ActiveCfg = Release|Any CPU
		{916DC8F0-B476-49FA-9698-1F0F375423ED}.Release|Any CPU.Build.0 = Release|Any CPU
	EndGlobalSection
	GlobalSection(SolutionProperties) = preSolution
		HideSolutionNode = FALSE
	EndGlobalSection
EndGlobal
