
Microsoft Visual Studio Solution File, Format Version 12.00
# Visual Studio 2012
Project("{F2A71F9B-5D33-465A-A702-920D77279786}") = "PdfGeneration", "PdfGeneration\PdfGeneration.fsproj", "{91E748D0-15AB-474E-A647-60C8BC2806C3}"
EndProject
Project("{F2A71F9B-5D33-465A-A702-920D77279786}") = "HelloJava", "HelloJava\HelloJava.fsproj", "{6698446A-2380-4AF5-AB1D-1B7A1061F6BA}"
EndProject
Global
	GlobalSection(SolutionConfigurationPlatforms) = preSolution
		Debug|Any CPU = Debug|Any CPU
		Release|Any CPU = Release|Any CPU
	EndGlobalSection
	GlobalSection(ProjectConfigurationPlatforms) = postSolution
		{91E748D0-15AB-474E-A647-60C8BC2806C3}.Debug|Any CPU.ActiveCfg = Debug|Any CPU
		{91E748D0-15AB-474E-A647-60C8BC2806C3}.Debug|Any CPU.Build.0 = Debug|Any CPU
		{91E748D0-15AB-474E-A647-60C8BC2806C3}.Release|Any CPU.ActiveCfg = Release|Any CPU
		{91E748D0-15AB-474E-A647-60C8BC2806C3}.Release|Any CPU.Build.0 = Release|Any CPU
		{6698446A-2380-4AF5-AB1D-1B7A1061F6BA}.Debug|Any CPU.ActiveCfg = Debug|Any CPU
		{6698446A-2380-4AF5-AB1D-1B7A1061F6BA}.Debug|Any CPU.Build.0 = Debug|Any CPU
		{6698446A-2380-4AF5-AB1D-1B7A1061F6BA}.Release|Any CPU.ActiveCfg = Release|Any CPU
		{6698446A-2380-4AF5-AB1D-1B7A1061F6BA}.Release|Any CPU.Build.0 = Release|Any CPU
	EndGlobalSection
	GlobalSection(SolutionProperties) = preSolution
		HideSolutionNode = FALSE
	EndGlobalSection
EndGlobal
